
Microsoft Visual Studio Solution File, Format Version 12.00
# Visual Studio Version 17
VisualStudioVersion = 17.9.34728.123
MinimumVisualStudioVersion = 10.0.40219.1
Project("{FAE04EC0-301F-11D3-BF4B-00C04F79EFBC}") = "Algorytmy-WielomianDoPotegi5", "Algorytmy-WielomianDoPotegi5\Algorytmy-WielomianDoPotegi5.csproj", "{7E76CF96-9E6A-4984-9E58-04CDF47867F1}"
EndProject
Global
	GlobalSection(SolutionConfigurationPlatforms) = preSolution
		Debug|Any CPU = Debug|Any CPU
		Release|Any CPU = Release|Any CPU
	EndGlobalSection
	GlobalSection(ProjectConfigurationPlatforms) = postSolution
		{7E76CF96-9E6A-4984-9E58-04CDF47867F1}.Debug|Any CPU.ActiveCfg = Debug|Any CPU
		{7E76CF96-9E6A-4984-9E58-04CDF47867F1}.Debug|Any CPU.Build.0 = Debug|Any CPU
		{7E76CF96-9E6A-4984-9E58-04CDF47867F1}.Release|Any CPU.ActiveCfg = Release|Any CPU
		{7E76CF96-9E6A-4984-9E58-04CDF47867F1}.Release|Any CPU.Build.0 = Release|Any CPU
	EndGlobalSection
	GlobalSection(SolutionProperties) = preSolution
		HideSolutionNode = FALSE
	EndGlobalSection
	GlobalSection(ExtensibilityGlobals) = postSolution
		SolutionGuid = {08AC85C5-356D-4534-92D8-3F486933B063}
	EndGlobalSection
EndGlobal
